
Microsoft Visual Studio Solution File, Format Version 12.00
# Visual Studio Version 17
VisualStudioVersion = 17.11.35222.181
MinimumVisualStudioVersion = 10.0.40219.1
Project("{FAE04EC0-301F-11D3-BF4B-00C04F79EFBC}") = "AppPaiements", "AppPaiements\AppPaiements.csproj", "{06810A30-26CB-48B6-8377-B21F2604CE55}"
EndProject
Global
	GlobalSection(SolutionConfigurationPlatforms) = preSolution
		Debug|Any CPU = Debug|Any CPU
		Release|Any CPU = Release|Any CPU
	EndGlobalSection
	GlobalSection(ProjectConfigurationPlatforms) = postSolution
		{06810A30-26CB-48B6-8377-B21F2604CE55}.Debug|Any CPU.ActiveCfg = Debug|Any CPU
		{06810A30-26CB-48B6-8377-B21F2604CE55}.Debug|Any CPU.Build.0 = Debug|Any CPU
		{06810A30-26CB-48B6-8377-B21F2604CE55}.Release|Any CPU.ActiveCfg = Release|Any CPU
		{06810A30-26CB-48B6-8377-B21F2604CE55}.Release|Any CPU.Build.0 = Release|Any CPU
	EndGlobalSection
	GlobalSection(SolutionProperties) = preSolution
		HideSolutionNode = FALSE
	EndGlobalSection
	GlobalSection(ExtensibilityGlobals) = postSolution
		SolutionGuid = {837E9278-1540-4B5C-8E2A-97B460113133}
	EndGlobalSection
EndGlobal
